
Microsoft Visual Studio Solution File, Format Version 12.00
# Visual Studio Version 17
VisualStudioVersion = 17.4.33205.214
MinimumVisualStudioVersion = 10.0.40219.1
Project("{9A19103F-16F7-4668-BE54-9A1E7A4F7556}") = "GrimoraMod", "GrimoraMod.csproj", "{61B0E129-267F-4134-AB32-E96EA7C9C64C}"
EndProject
Global
	GlobalSection(SolutionConfigurationPlatforms) = preSolution
		Debug|Any CPU = Debug|Any CPU
		HotReload|Any CPU = HotReload|Any CPU
		Release|Any CPU = Release|Any CPU
		Thunderstore|Any CPU = Thunderstore|Any CPU
	EndGlobalSection
	GlobalSection(ProjectConfigurationPlatforms) = postSolution
		{61B0E129-267F-4134-AB32-E96EA7C9C64C}.Debug|Any CPU.ActiveCfg = Debug|Any CPU
		{61B0E129-267F-4134-AB32-E96EA7C9C64C}.Debug|Any CPU.Build.0 = Debug|Any CPU
		{61B0E129-267F-4134-AB32-E96EA7C9C64C}.HotReload|Any CPU.ActiveCfg = HotReload|Any CPU
		{61B0E129-267F-4134-AB32-E96EA7C9C64C}.HotReload|Any CPU.Build.0 = HotReload|Any CPU
		{61B0E129-267F-4134-AB32-E96EA7C9C64C}.Release|Any CPU.ActiveCfg = Release|Any CPU
		{61B0E129-267F-4134-AB32-E96EA7C9C64C}.Release|Any CPU.Build.0 = Release|Any CPU
		{61B0E129-267F-4134-AB32-E96EA7C9C64C}.Thunderstore|Any CPU.ActiveCfg = Thunderstore|Any CPU
		{61B0E129-267F-4134-AB32-E96EA7C9C64C}.Thunderstore|Any CPU.Build.0 = Thunderstore|Any CPU
	EndGlobalSection
	GlobalSection(SolutionProperties) = preSolution
		HideSolutionNode = FALSE
	EndGlobalSection
	GlobalSection(ExtensibilityGlobals) = postSolution
		SolutionGuid = {E81468DB-8011-4CBF-85FC-B50B9196DAB5}
	EndGlobalSection
EndGlobal
